
Microsoft Visual Studio Solution File, Format Version 12.00
# Visual Studio Version 17
VisualStudioVersion = 17.9.34728.123
MinimumVisualStudioVersion = 10.0.40219.1
Project("{9A19103F-16F7-4668-BE54-9A1E7A4F7556}") = "DemoAttributes", "DemoAttributes\DemoAttributes.csproj", "{6C3BD769-C9BE-44C0-B25C-5ACB7489E7F0}"
EndProject
Project("{9A19103F-16F7-4668-BE54-9A1E7A4F7556}") = "OOP.Class", "OOP.Class\OOP.Class.csproj", "{6CCBC080-0582-4BB1-8FCB-DC8A614D6B8D}"
EndProject
Project("{9A19103F-16F7-4668-BE54-9A1E7A4F7556}") = "DemoGenerics", "DemoGenerics\DemoGenerics.csproj", "{77673E99-B3DB-470E-A2BC-3048A2EEA1CE}"
EndProject
Project("{9A19103F-16F7-4668-BE54-9A1E7A4F7556}") = "DemoDelegate", "DemoDelegate\DemoDelegate.csproj", "{00096E93-6906-453A-8660-8EBCB8EF27CC}"
EndProject
Project("{9A19103F-16F7-4668-BE54-9A1E7A4F7556}") = "DemoLambdaExpresion", "DemoLambdaExpresion\DemoLambdaExpresion.csproj", "{07033F1D-B720-46A2-9DC4-6136B0D0CF72}"
EndProject
Project("{9A19103F-16F7-4668-BE54-9A1E7A4F7556}") = "DemoExtensionMethods", "ExtensionMethods\DemoExtensionMethods.csproj", "{E75DD3F3-2E0E-416F-B219-522388EC0C5A}"
EndProject
Project("{9A19103F-16F7-4668-BE54-9A1E7A4F7556}") = "DemoLinq", "DemoLinq\DemoLinq.csproj", "{EE684007-E321-4E62-8109-3C5D24D2FC3D}"
EndProject
Project("{9A19103F-16F7-4668-BE54-9A1E7A4F7556}") = "DemoNullableTypes", "NullableTypes\DemoNullableTypes.csproj", "{999C05D7-7730-414B-A022-052F3315AE4B}"
EndProject
Project("{9A19103F-16F7-4668-BE54-9A1E7A4F7556}") = "DemoDynamics", "DemoDynamics\DemoDynamics.csproj", "{F2C98D5B-ECD9-4792-8118-115450E4100A}"
EndProject
Project("{9A19103F-16F7-4668-BE54-9A1E7A4F7556}") = "DemoExceptions", "DemoExceptions\DemoExceptions.csproj", "{AD0D2C9F-4ABC-4453-AFA6-6D05852C4991}"
EndProject
Project("{9A19103F-16F7-4668-BE54-9A1E7A4F7556}") = "DemoAsynchronous", "DemoAsynchronous\DemoAsynchronous.csproj", "{B933D9DC-5DB2-4685-9AB5-D7DB4FD8473A}"
EndProject
Project("{9A19103F-16F7-4668-BE54-9A1E7A4F7556}") = "DemoInMemoryCaching", "DemoInMemoryCaching\DemoInMemoryCaching.csproj", "{624A0D5D-AC0E-4D9C-91CB-887DEE32489C}"
EndProject
Project("{9A19103F-16F7-4668-BE54-9A1E7A4F7556}") = "AbstractClass_EmployeeExample", "AbstractClass_EmployeeExample\AbstractClass_EmployeeExample.csproj", "{BF90FF31-3C8C-48CD-B0CD-E20C63110C82}"
EndProject
Project("{2150E333-8FDC-42A3-9474-1A3956D46DE8}") = "Tutorial", "Tutorial", "{A9827EE3-4281-4820-9A8C-0B7F492B443B}"
	ProjectSection(SolutionItems) = preProject
		ReadMe.txt = ReadMe.txt
	EndProjectSection
EndProject
Project("{9A19103F-16F7-4668-BE54-9A1E7A4F7556}") = "Solid.SingleResponsiblity", "Solid.SingleResponsiblity\Solid.SingleResponsiblity.csproj", "{C7EF532A-2834-4F9B-8A0D-0CD1BD706167}"
EndProject
Project("{9A19103F-16F7-4668-BE54-9A1E7A4F7556}") = "Solid.OpenClose", "Solid.OpenClose\Solid.OpenClose.csproj", "{A068F9C5-53D5-4E9B-9219-174BE0698445}"
EndProject
Project("{FAE04EC0-301F-11D3-BF4B-00C04F79EFBC}") = "Solid.LiskovSubstitution", "Solid.LiskovSubstitution\Solid.LiskovSubstitution.csproj", "{04B23E4B-1DFF-4AAD-9941-32F73ACCFB6D}"
EndProject
Project("{FAE04EC0-301F-11D3-BF4B-00C04F79EFBC}") = "Solid.InterfaceSegregation", "Solid.InterfaceSegregation\Solid.InterfaceSegregation.csproj", "{7B4FC014-BF4F-4D94-9689-9FEFA5699C82}"
EndProject
Global
	GlobalSection(SolutionConfigurationPlatforms) = preSolution
		Debug|Any CPU = Debug|Any CPU
		Release|Any CPU = Release|Any CPU
	EndGlobalSection
	GlobalSection(ProjectConfigurationPlatforms) = postSolution
		{6C3BD769-C9BE-44C0-B25C-5ACB7489E7F0}.Debug|Any CPU.ActiveCfg = Debug|Any CPU
		{6C3BD769-C9BE-44C0-B25C-5ACB7489E7F0}.Debug|Any CPU.Build.0 = Debug|Any CPU
		{6C3BD769-C9BE-44C0-B25C-5ACB7489E7F0}.Release|Any CPU.ActiveCfg = Release|Any CPU
		{6C3BD769-C9BE-44C0-B25C-5ACB7489E7F0}.Release|Any CPU.Build.0 = Release|Any CPU
		{6CCBC080-0582-4BB1-8FCB-DC8A614D6B8D}.Debug|Any CPU.ActiveCfg = Debug|Any CPU
		{6CCBC080-0582-4BB1-8FCB-DC8A614D6B8D}.Debug|Any CPU.Build.0 = Debug|Any CPU
		{6CCBC080-0582-4BB1-8FCB-DC8A614D6B8D}.Release|Any CPU.ActiveCfg = Release|Any CPU
		{6CCBC080-0582-4BB1-8FCB-DC8A614D6B8D}.Release|Any CPU.Build.0 = Release|Any CPU
		{77673E99-B3DB-470E-A2BC-3048A2EEA1CE}.Debug|Any CPU.ActiveCfg = Debug|Any CPU
		{77673E99-B3DB-470E-A2BC-3048A2EEA1CE}.Debug|Any CPU.Build.0 = Debug|Any CPU
		{77673E99-B3DB-470E-A2BC-3048A2EEA1CE}.Release|Any CPU.ActiveCfg = Release|Any CPU
		{77673E99-B3DB-470E-A2BC-3048A2EEA1CE}.Release|Any CPU.Build.0 = Release|Any CPU
		{00096E93-6906-453A-8660-8EBCB8EF27CC}.Debug|Any CPU.ActiveCfg = Debug|Any CPU
		{00096E93-6906-453A-8660-8EBCB8EF27CC}.Debug|Any CPU.Build.0 = Debug|Any CPU
		{00096E93-6906-453A-8660-8EBCB8EF27CC}.Release|Any CPU.ActiveCfg = Release|Any CPU
		{00096E93-6906-453A-8660-8EBCB8EF27CC}.Release|Any CPU.Build.0 = Release|Any CPU
		{07033F1D-B720-46A2-9DC4-6136B0D0CF72}.Debug|Any CPU.ActiveCfg = Debug|Any CPU
		{07033F1D-B720-46A2-9DC4-6136B0D0CF72}.Debug|Any CPU.Build.0 = Debug|Any CPU
		{07033F1D-B720-46A2-9DC4-6136B0D0CF72}.Release|Any CPU.ActiveCfg = Release|Any CPU
		{07033F1D-B720-46A2-9DC4-6136B0D0CF72}.Release|Any CPU.Build.0 = Release|Any CPU
		{E75DD3F3-2E0E-416F-B219-522388EC0C5A}.Debug|Any CPU.ActiveCfg = Debug|Any CPU
		{E75DD3F3-2E0E-416F-B219-522388EC0C5A}.Debug|Any CPU.Build.0 = Debug|Any CPU
		{E75DD3F3-2E0E-416F-B219-522388EC0C5A}.Release|Any CPU.ActiveCfg = Release|Any CPU
		{E75DD3F3-2E0E-416F-B219-522388EC0C5A}.Release|Any CPU.Build.0 = Release|Any CPU
		{EE684007-E321-4E62-8109-3C5D24D2FC3D}.Debug|Any CPU.ActiveCfg = Debug|Any CPU
		{EE684007-E321-4E62-8109-3C5D24D2FC3D}.Debug|Any CPU.Build.0 = Debug|Any CPU
		{EE684007-E321-4E62-8109-3C5D24D2FC3D}.Release|Any CPU.ActiveCfg = Release|Any CPU
		{EE684007-E321-4E62-8109-3C5D24D2FC3D}.Release|Any CPU.Build.0 = Release|Any CPU
		{999C05D7-7730-414B-A022-052F3315AE4B}.Debug|Any CPU.ActiveCfg = Debug|Any CPU
		{999C05D7-7730-414B-A022-052F3315AE4B}.Debug|Any CPU.Build.0 = Debug|Any CPU
		{999C05D7-7730-414B-A022-052F3315AE4B}.Release|Any CPU.ActiveCfg = Release|Any CPU
		{999C05D7-7730-414B-A022-052F3315AE4B}.Release|Any CPU.Build.0 = Release|Any CPU
		{F2C98D5B-ECD9-4792-8118-115450E4100A}.Debug|Any CPU.ActiveCfg = Debug|Any CPU
		{F2C98D5B-ECD9-4792-8118-115450E4100A}.Debug|Any CPU.Build.0 = Debug|Any CPU
		{F2C98D5B-ECD9-4792-8118-115450E4100A}.Release|Any CPU.ActiveCfg = Release|Any CPU
		{F2C98D5B-ECD9-4792-8118-115450E4100A}.Release|Any CPU.Build.0 = Release|Any CPU
		{AD0D2C9F-4ABC-4453-AFA6-6D05852C4991}.Debug|Any CPU.ActiveCfg = Debug|Any CPU
		{AD0D2C9F-4ABC-4453-AFA6-6D05852C4991}.Debug|Any CPU.Build.0 = Debug|Any CPU
		{AD0D2C9F-4ABC-4453-AFA6-6D05852C4991}.Release|Any CPU.ActiveCfg = Release|Any CPU
		{AD0D2C9F-4ABC-4453-AFA6-6D05852C4991}.Release|Any CPU.Build.0 = Release|Any CPU
		{B933D9DC-5DB2-4685-9AB5-D7DB4FD8473A}.Debug|Any CPU.ActiveCfg = Debug|Any CPU
		{B933D9DC-5DB2-4685-9AB5-D7DB4FD8473A}.Debug|Any CPU.Build.0 = Debug|Any CPU
		{B933D9DC-5DB2-4685-9AB5-D7DB4FD8473A}.Release|Any CPU.ActiveCfg = Release|Any CPU
		{B933D9DC-5DB2-4685-9AB5-D7DB4FD8473A}.Release|Any CPU.Build.0 = Release|Any CPU
		{624A0D5D-AC0E-4D9C-91CB-887DEE32489C}.Debug|Any CPU.ActiveCfg = Debug|Any CPU
		{624A0D5D-AC0E-4D9C-91CB-887DEE32489C}.Debug|Any CPU.Build.0 = Debug|Any CPU
		{624A0D5D-AC0E-4D9C-91CB-887DEE32489C}.Release|Any CPU.ActiveCfg = Release|Any CPU
		{624A0D5D-AC0E-4D9C-91CB-887DEE32489C}.Release|Any CPU.Build.0 = Release|Any CPU
		{BF90FF31-3C8C-48CD-B0CD-E20C63110C82}.Debug|Any CPU.ActiveCfg = Debug|Any CPU
		{BF90FF31-3C8C-48CD-B0CD-E20C63110C82}.Debug|Any CPU.Build.0 = Debug|Any CPU
		{BF90FF31-3C8C-48CD-B0CD-E20C63110C82}.Release|Any CPU.ActiveCfg = Release|Any CPU
		{BF90FF31-3C8C-48CD-B0CD-E20C63110C82}.Release|Any CPU.Build.0 = Release|Any CPU
		{C7EF532A-2834-4F9B-8A0D-0CD1BD706167}.Debug|Any CPU.ActiveCfg = Debug|Any CPU
		{C7EF532A-2834-4F9B-8A0D-0CD1BD706167}.Debug|Any CPU.Build.0 = Debug|Any CPU
		{C7EF532A-2834-4F9B-8A0D-0CD1BD706167}.Release|Any CPU.ActiveCfg = Release|Any CPU
		{C7EF532A-2834-4F9B-8A0D-0CD1BD706167}.Release|Any CPU.Build.0 = Release|Any CPU
		{A068F9C5-53D5-4E9B-9219-174BE0698445}.Debug|Any CPU.ActiveCfg = Debug|Any CPU
		{A068F9C5-53D5-4E9B-9219-174BE0698445}.Debug|Any CPU.Build.0 = Debug|Any CPU
		{A068F9C5-53D5-4E9B-9219-174BE0698445}.Release|Any CPU.ActiveCfg = Release|Any CPU
		{A068F9C5-53D5-4E9B-9219-174BE0698445}.Release|Any CPU.Build.0 = Release|Any CPU
		{04B23E4B-1DFF-4AAD-9941-32F73ACCFB6D}.Debug|Any CPU.ActiveCfg = Debug|Any CPU
		{04B23E4B-1DFF-4AAD-9941-32F73ACCFB6D}.Debug|Any CPU.Build.0 = Debug|Any CPU
		{04B23E4B-1DFF-4AAD-9941-32F73ACCFB6D}.Release|Any CPU.ActiveCfg = Release|Any CPU
		{04B23E4B-1DFF-4AAD-9941-32F73ACCFB6D}.Release|Any CPU.Build.0 = Release|Any CPU
		{7B4FC014-BF4F-4D94-9689-9FEFA5699C82}.Debug|Any CPU.ActiveCfg = Debug|Any CPU
		{7B4FC014-BF4F-4D94-9689-9FEFA5699C82}.Debug|Any CPU.Build.0 = Debug|Any CPU
		{7B4FC014-BF4F-4D94-9689-9FEFA5699C82}.Release|Any CPU.ActiveCfg = Release|Any CPU
		{7B4FC014-BF4F-4D94-9689-9FEFA5699C82}.Release|Any CPU.Build.0 = Release|Any CPU
	EndGlobalSection
	GlobalSection(SolutionProperties) = preSolution
		HideSolutionNode = FALSE
	EndGlobalSection
	GlobalSection(ExtensibilityGlobals) = postSolution
		SolutionGuid = {8463ED1D-BDF4-4C73-92D4-4C29F1095856}
	EndGlobalSection
EndGlobal
